
Microsoft Visual Studio Solution File, Format Version 12.00
# Visual Studio Version 16
VisualStudioVersion = 16.0.31613.86
MinimumVisualStudioVersion = 10.0.40219.1
Project("{9A19103F-16F7-4668-BE54-9A1E7A4F7556}") = "kwadratowe", "kwadratowe\kwadratowe.csproj", "{7675C0E3-DD48-4935-BDA7-F9CE8E7E09E3}"
EndProject
Project("{FAE04EC0-301F-11D3-BF4B-00C04F79EFBC}") = "Test_XUnit", "Test_XUnit\Test_XUnit.csproj", "{9B1544FF-FF64-4CC3-AEF4-C5518D6E4D91}"
EndProject
Global
	GlobalSection(SolutionConfigurationPlatforms) = preSolution
		Debug|Any CPU = Debug|Any CPU
		Release|Any CPU = Release|Any CPU
	EndGlobalSection
	GlobalSection(ProjectConfigurationPlatforms) = postSolution
		{7675C0E3-DD48-4935-BDA7-F9CE8E7E09E3}.Debug|Any CPU.ActiveCfg = Debug|Any CPU
		{7675C0E3-DD48-4935-BDA7-F9CE8E7E09E3}.Debug|Any CPU.Build.0 = Debug|Any CPU
		{7675C0E3-DD48-4935-BDA7-F9CE8E7E09E3}.Release|Any CPU.ActiveCfg = Release|Any CPU
		{7675C0E3-DD48-4935-BDA7-F9CE8E7E09E3}.Release|Any CPU.Build.0 = Release|Any CPU
		{9B1544FF-FF64-4CC3-AEF4-C5518D6E4D91}.Debug|Any CPU.ActiveCfg = Debug|Any CPU
		{9B1544FF-FF64-4CC3-AEF4-C5518D6E4D91}.Debug|Any CPU.Build.0 = Debug|Any CPU
		{9B1544FF-FF64-4CC3-AEF4-C5518D6E4D91}.Release|Any CPU.ActiveCfg = Release|Any CPU
		{9B1544FF-FF64-4CC3-AEF4-C5518D6E4D91}.Release|Any CPU.Build.0 = Release|Any CPU
	EndGlobalSection
	GlobalSection(SolutionProperties) = preSolution
		HideSolutionNode = FALSE
	EndGlobalSection
	GlobalSection(ExtensibilityGlobals) = postSolution
		SolutionGuid = {2B15F8A0-C2ED-4942-9E4F-614E566EE420}
	EndGlobalSection
EndGlobal
